
Microsoft Visual Studio Solution File, Format Version 12.00
# Visual Studio Version 16
VisualStudioVersion = 16.0.30907.101
MinimumVisualStudioVersion = 10.0.40219.1
Project("{FAE04EC0-301F-11D3-BF4B-00C04F79EFBC}") = "ServiceBusTopic", "ServiceBusTopic\ServiceBusTopic.csproj", "{6C3AC34F-5DAA-4084-8D98-D2B346603447}"
EndProject
Global
	GlobalSection(SolutionConfigurationPlatforms) = preSolution
		Debug|Any CPU = Debug|Any CPU
		Release|Any CPU = Release|Any CPU
	EndGlobalSection
	GlobalSection(ProjectConfigurationPlatforms) = postSolution
		{6C3AC34F-5DAA-4084-8D98-D2B346603447}.Debug|Any CPU.ActiveCfg = Debug|Any CPU
		{6C3AC34F-5DAA-4084-8D98-D2B346603447}.Debug|Any CPU.Build.0 = Debug|Any CPU
		{6C3AC34F-5DAA-4084-8D98-D2B346603447}.Release|Any CPU.ActiveCfg = Release|Any CPU
		{6C3AC34F-5DAA-4084-8D98-D2B346603447}.Release|Any CPU.Build.0 = Release|Any CPU
	EndGlobalSection
	GlobalSection(SolutionProperties) = preSolution
		HideSolutionNode = FALSE
	EndGlobalSection
	GlobalSection(ExtensibilityGlobals) = postSolution
		SolutionGuid = {A5EB46A2-4E5F-4712-AF23-EA59B68B4782}
	EndGlobalSection
EndGlobal
